
Microsoft Visual Studio Solution File, Format Version 12.00
# Visual Studio 15
VisualStudioVersion = 15.0.28010.2048
MinimumVisualStudioVersion = 10.0.40219.1
Project("{FAE04EC0-301F-11D3-BF4B-00C04F79EFBC}") = "BounceBallProject", "BounceBallProject\BounceBallProject.csproj", "{3049F777-9C29-487C-A8D5-3274EFB3B61D}"
EndProject
Global
	GlobalSection(SolutionConfigurationPlatforms) = preSolution
		Debug|Any CPU = Debug|Any CPU
		Release|Any CPU = Release|Any CPU
	EndGlobalSection
	GlobalSection(ProjectConfigurationPlatforms) = postSolution
		{3049F777-9C29-487C-A8D5-3274EFB3B61D}.Debug|Any CPU.ActiveCfg = Debug|Any CPU
		{3049F777-9C29-487C-A8D5-3274EFB3B61D}.Debug|Any CPU.Build.0 = Debug|Any CPU
		{3049F777-9C29-487C-A8D5-3274EFB3B61D}.Release|Any CPU.ActiveCfg = Release|Any CPU
		{3049F777-9C29-487C-A8D5-3274EFB3B61D}.Release|Any CPU.Build.0 = Release|Any CPU
	EndGlobalSection
	GlobalSection(SolutionProperties) = preSolution
		HideSolutionNode = FALSE
	EndGlobalSection
	GlobalSection(ExtensibilityGlobals) = postSolution
		SolutionGuid = {1782AAB1-A78A-4513-A830-C455C8400035}
	EndGlobalSection
EndGlobal
